// !$*UTF8*$!
{
	archiveVersion = 1;
	classes = {
	};
	objectVersion = 56;
	objects = {

/* Begin PBXBuildFile section */
		7D3D98B22BB927720013FA72 /* TasksView.swift in Sources */ = {isa = PBXBuildFile; fileRef = 7D3D98B12BB927720013FA72 /* TasksView.swift */; };
		7D854E0E2BB68695007DFBCC /* TaskManagerApp.swift in Sources */ = {isa = PBXBuildFile; fileRef = 7D854E0D2BB68695007DFBCC /* TaskManagerApp.swift */; };
		7D854E102BB68695007DFBCC /* ContentView.swift in Sources */ = {isa = PBXBuildFile; fileRef = 7D854E0F2BB68695007DFBCC /* ContentView.swift */; };
		7D854E122BB68697007DFBCC /* Assets.xcassets in Resources */ = {isa = PBXBuildFile; fileRef = 7D854E112BB68697007DFBCC /* Assets.xcassets */; };
		7D854E152BB68697007DFBCC /* Preview Assets.xcassets in Resources */ = {isa = PBXBuildFile; fileRef = 7D854E142BB68697007DFBCC /* Preview Assets.xcassets */; };
		7D854E1F2BB68697007DFBCC /* TaskManagerTests.swift in Sources */ = {isa = PBXBuildFile; fileRef = 7D854E1E2BB68697007DFBCC /* TaskManagerTests.swift */; };
		7D854E292BB68697007DFBCC /* TaskManagerUITests.swift in Sources */ = {isa = PBXBuildFile; fileRef = 7D854E282BB68697007DFBCC /* TaskManagerUITests.swift */; };
		7D854E2B2BB68697007DFBCC /* TaskManagerUITestsLaunchTests.swift in Sources */ = {isa = PBXBuildFile; fileRef = 7D854E2A2BB68697007DFBCC /* TaskManagerUITestsLaunchTests.swift */; };
		7D854E382BB686AC007DFBCC /* Task.swift in Sources */ = {isa = PBXBuildFile; fileRef = 7D854E372BB686AC007DFBCC /* Task.swift */; };
		7D854E3A2BB68910007DFBCC /* View.swift in Sources */ = {isa = PBXBuildFile; fileRef = 7D854E392BB68910007DFBCC /* View.swift */; };
		7D854E3C2BB68A60007DFBCC /* DateExtension.swift in Sources */ = {isa = PBXBuildFile; fileRef = 7D854E3B2BB68A60007DFBCC /* DateExtension.swift */; };
		7D854E3E2BB6AB13007DFBCC /* OffsetKey.swift in Sources */ = {isa = PBXBuildFile; fileRef = 7D854E3D2BB6AB13007DFBCC /* OffsetKey.swift */; };
		7D854E402BB6DE57007DFBCC /* TaskItem.swift in Sources */ = {isa = PBXBuildFile; fileRef = 7D854E3F2BB6DE57007DFBCC /* TaskItem.swift */; };
		7D854E422BB6EE92007DFBCC /* NewTask.swift in Sources */ = {isa = PBXBuildFile; fileRef = 7D854E412BB6EE92007DFBCC /* NewTask.swift */; };
/* End PBXBuildFile section */

/* Begin PBXContainerItemProxy section */
		7D854E1B2BB68697007DFBCC /* PBXContainerItemProxy */ = {
			isa = PBXContainerItemProxy;
			containerPortal = 7D854E022BB68695007DFBCC /* Project object */;
			proxyType = 1;
			remoteGlobalIDString = 7D854E092BB68695007DFBCC;
			remoteInfo = TaskManager;
		};
		7D854E252BB68697007DFBCC /* PBXContainerItemProxy */ = {
			isa = PBXContainerItemProxy;
			containerPortal = 7D854E022BB68695007DFBCC /* Project object */;
			proxyType = 1;
			remoteGlobalIDString = 7D854E092BB68695007DFBCC;
			remoteInfo = TaskManager;
		};
/* End PBXContainerItemProxy section */

/* Begin PBXFileReference section */
		7D3D98B12BB927720013FA72 /* TasksView.swift */ = {isa = PBXFileReference; lastKnownFileType = sourcecode.swift; path = TasksView.swift; sourceTree = "<group>"; };
		7D854E0A2BB68695007DFBCC /* TaskManager.app */ = {isa = PBXFileReference; explicitFileType = wrapper.application; includeInIndex = 0; path = TaskManager.app; sourceTree = BUILT_PRODUCTS_DIR; };
		7D854E0D2BB68695007DFBCC /* TaskManagerApp.swift */ = {isa = PBXFileReference; lastKnownFileType = sourcecode.swift; path = TaskManagerApp.swift; sourceTree = "<group>"; };
		7D854E0F2BB68695007DFBCC /* ContentView.swift */ = {isa = PBXFileReference; lastKnownFileType = sourcecode.swift; path = ContentView.swift; sourceTree = "<group>"; };
		7D854E112BB68697007DFBCC /* Assets.xcassets */ = {isa = PBXFileReference; lastKnownFileType = folder.assetcatalog; path = Assets.xcassets; sourceTree = "<group>"; };
		7D854E142BB68697007DFBCC /* Preview Assets.xcassets */ = {isa = PBXFileReference; lastKnownFileType = folder.assetcatalog; path = "Preview Assets.xcassets"; sourceTree = "<group>"; };
		7D854E1A2BB68697007DFBCC /* TaskManagerTests.xctest */ = {isa = PBXFileReference; explicitFileType = wrapper.cfbundle; includeInIndex = 0; path = TaskManagerTests.xctest; sourceTree = BUILT_PRODUCTS_DIR; };
		7D854E1E2BB68697007DFBCC /* TaskManagerTests.swift */ = {isa = PBXFileReference; lastKnownFileType = sourcecode.swift; path = TaskManagerTests.swift; sourceTree = "<group>"; };
		7D854E242BB68697007DFBCC /* TaskManagerUITests.xctest */ = {isa = PBXFileReference; explicitFileType = wrapper.cfbundle; includeInIndex = 0; path = TaskManagerUITests.xctest; sourceTree = BUILT_PRODUCTS_DIR; };
		7D854E282BB68697007DFBCC /* TaskManagerUITests.swift */ = {isa = PBXFileReference; lastKnownFileType = sourcecode.swift; path = TaskManagerUITests.swift; sourceTree = "<group>"; };
		7D854E2A2BB68697007DFBCC /* TaskManagerUITestsLaunchTests.swift */ = {isa = PBXFileReference; lastKnownFileType = sourcecode.swift; path = TaskManagerUITestsLaunchTests.swift; sourceTree = "<group>"; };
		7D854E372BB686AC007DFBCC /* Task.swift */ = {isa = PBXFileReference; lastKnownFileType = sourcecode.swift; path = Task.swift; sourceTree = "<group>"; };
		7D854E392BB68910007DFBCC /* View.swift */ = {isa = PBXFileReference; lastKnownFileType = sourcecode.swift; path = View.swift; sourceTree = "<group>"; };
		7D854E3B2BB68A60007DFBCC /* DateExtension.swift */ = {isa = PBXFileReference; lastKnownFileType = sourcecode.swift; path = DateExtension.swift; sourceTree = "<group>"; };
		7D854E3D2BB6AB13007DFBCC /* OffsetKey.swift */ = {isa = PBXFileReference; lastKnownFileType = sourcecode.swift; path = OffsetKey.swift; sourceTree = "<group>"; };
		7D854E3F2BB6DE57007DFBCC /* TaskItem.swift */ = {isa = PBXFileReference; lastKnownFileType = sourcecode.swift; path = TaskItem.swift; sourceTree = "<group>"; };
		7D854E412BB6EE92007DFBCC /* NewTask.swift */ = {isa = PBXFileReference; lastKnownFileType = sourcecode.swift; path = NewTask.swift; sourceTree = "<group>"; };
/* End PBXFileReference section */

/* Begin PBXFrameworksBuildPhase section */
		7D854E072BB68695007DFBCC /* Frameworks */ = {
			isa = PBXFrameworksBuildPhase;
			buildActionMask = 2147483647;
			files = (
			);
			runOnlyForDeploymentPostprocessing = 0;
		};
		7D854E172BB68697007DFBCC /* Frameworks */ = {
			isa = PBXFrameworksBuildPhase;
			buildActionMask = 2147483647;
			files = (
			);
			runOnlyForDeploymentPostprocessing = 0;
		};
		7D854E212BB68697007DFBCC /* Frameworks */ = {
			isa = PBXFrameworksBuildPhase;
			buildActionMask = 2147483647;
			files = (
			);
			runOnlyForDeploymentPostprocessing = 0;
		};
/* End PBXFrameworksBuildPhase section */

/* Begin PBXGroup section */
		7D854E012BB68695007DFBCC = {
			isa = PBXGroup;
			children = (
				7D854E0C2BB68695007DFBCC /* TaskManager */,
				7D854E1D2BB68697007DFBCC /* TaskManagerTests */,
				7D854E272BB68697007DFBCC /* TaskManagerUITests */,
				7D854E0B2BB68695007DFBCC /* Products */,
			);
			sourceTree = "<group>";
		};
		7D854E0B2BB68695007DFBCC /* Products */ = {
			isa = PBXGroup;
			children = (
				7D854E0A2BB68695007DFBCC /* TaskManager.app */,
				7D854E1A2BB68697007DFBCC /* TaskManagerTests.xctest */,
				7D854E242BB68697007DFBCC /* TaskManagerUITests.xctest */,
			);
			name = Products;
			sourceTree = "<group>";
		};
		7D854E0C2BB68695007DFBCC /* TaskManager */ = {
			isa = PBXGroup;
			children = (
				7D854E0D2BB68695007DFBCC /* TaskManagerApp.swift */,
				7D854E0F2BB68695007DFBCC /* ContentView.swift */,
				7D3D98B12BB927720013FA72 /* TasksView.swift */,
				7D854E3F2BB6DE57007DFBCC /* TaskItem.swift */,
				7D854E412BB6EE92007DFBCC /* NewTask.swift */,
				7D854E3B2BB68A60007DFBCC /* DateExtension.swift */,
				7D854E372BB686AC007DFBCC /* Task.swift */,
				7D854E392BB68910007DFBCC /* View.swift */,
				7D854E3D2BB6AB13007DFBCC /* OffsetKey.swift */,
				7D854E112BB68697007DFBCC /* Assets.xcassets */,
				7D854E132BB68697007DFBCC /* Preview Content */,
			);
			path = TaskManager;
			sourceTree = "<group>";
		};
		7D854E132BB68697007DFBCC /* Preview Content */ = {
			isa = PBXGroup;
			children = (
				7D854E142BB68697007DFBCC /* Preview Assets.xcassets */,
			);
			path = "Preview Content";
			sourceTree = "<group>";
		};
		7D854E1D2BB68697007DFBCC /* TaskManagerTests */ = {
			isa = PBXGroup;
			children = (
				7D854E1E2BB68697007DFBCC /* TaskManagerTests.swift */,
			);
			path = TaskManagerTests;
			sourceTree = "<group>";
		};
		7D854E272BB68697007DFBCC /* TaskManagerUITests */ = {
			isa = PBXGroup;
			children = (
				7D854E282BB68697007DFBCC /* TaskManagerUITests.swift */,
				7D854E2A2BB68697007DFBCC /* TaskManagerUITestsLaunchTests.swift */,
			);
			path = TaskManagerUITests;
			sourceTree = "<group>";
		};
/* End PBXGroup section */

/* Begin PBXNativeTarget section */
		7D854E092BB68695007DFBCC /* TaskManager */ = {
			isa = PBXNativeTarget;
			buildConfigurationList = 7D854E2E2BB68697007DFBCC /* Build configuration list for PBXNativeTarget "TaskManager" */;
			buildPhases = (
				7D854E062BB68695007DFBCC /* Sources */,
				7D854E072BB68695007DFBCC /* Frameworks */,
				7D854E082BB68695007DFBCC /* Resources */,
			);
			buildRules = (
			);
			dependencies = (
			);
			name = TaskManager;
			productName = TaskManager;
			productReference = 7D854E0A2BB68695007DFBCC /* TaskManager.app */;
			productType = "com.apple.product-type.application";
		};
		7D854E192BB68697007DFBCC /* TaskManagerTests */ = {
			isa = PBXNativeTarget;
			buildConfigurationList = 7D854E312BB68697007DFBCC /* Build configuration list for PBXNativeTarget "TaskManagerTests" */;
			buildPhases = (
				7D854E162BB68697007DFBCC /* Sources */,
				7D854E172BB68697007DFBCC /* Frameworks */,
				7D854E182BB68697007DFBCC /* Resources */,
			);
			buildRules = (
			);
			dependencies = (
				7D854E1C2BB68697007DFBCC /* PBXTargetDependency */,
			);
			name = TaskManagerTests;
			productName = TaskManagerTests;
			productReference = 7D854E1A2BB68697007DFBCC /* TaskManagerTests.xctest */;
			productType = "com.apple.product-type.bundle.unit-test";
		};
		7D854E232BB68697007DFBCC /* TaskManagerUITests */ = {
			isa = PBXNativeTarget;
			buildConfigurationList = 7D854E342BB68697007DFBCC /* Build configuration list for PBXNativeTarget "TaskManagerUITests" */;
			buildPhases = (
				7D854E202BB68697007DFBCC /* Sources */,
				7D854E212BB68697007DFBCC /* Frameworks */,
				7D854E222BB68697007DFBCC /* Resources */,
			);
			buildRules = (
			);
			dependencies = (
				7D854E262BB68697007DFBCC /* PBXTargetDependency */,
			);
			name = TaskManagerUITests;
			productName = TaskManagerUITests;
			productReference = 7D854E242BB68697007DFBCC /* TaskManagerUITests.xctest */;
			productType = "com.apple.product-type.bundle.ui-testing";
		};
/* End PBXNativeTarget section */

/* Begin PBXProject section */
		7D854E022BB68695007DFBCC /* Project object */ = {
			isa = PBXProject;
			attributes = {
				BuildIndependentTargetsInParallel = 1;
				LastSwiftUpdateCheck = 1530;
				LastUpgradeCheck = 1530;
				TargetAttributes = {
					7D854E092BB68695007DFBCC = {
						CreatedOnToolsVersion = 15.3;
					};
					7D854E192BB68697007DFBCC = {
						CreatedOnToolsVersion = 15.3;
						TestTargetID = 7D854E092BB68695007DFBCC;
					};
					7D854E232BB68697007DFBCC = {
						CreatedOnToolsVersion = 15.3;
						TestTargetID = 7D854E092BB68695007DFBCC;
					};
				};
			};
			buildConfigurationList = 7D854E052BB68695007DFBCC /* Build configuration list for PBXProject "TaskManager" */;
			compatibilityVersion = "Xcode 14.0";
			developmentRegion = en;
			hasScannedForEncodings = 0;
			knownRegions = (
				en,
				Base,
			);
			mainGroup = 7D854E012BB68695007DFBCC;
			productRefGroup = 7D854E0B2BB68695007DFBCC /* Products */;
			projectDirPath = "";
			projectRoot = "";
			targets = (
				7D854E092BB68695007DFBCC /* TaskManager */,
				7D854E192BB68697007DFBCC /* TaskManagerTests */,
				7D854E232BB68697007DFBCC /* TaskManagerUITests */,
			);
		};
/* End PBXProject section */

/* Begin PBXResourcesBuildPhase section */
		7D854E082BB68695007DFBCC /* Resources */ = {
			isa = PBXResourcesBuildPhase;
			buildActionMask = 2147483647;
			files = (
				7D854E152BB68697007DFBCC /* Preview Assets.xcassets in Resources */,
				7D854E122BB68697007DFBCC /* Assets.xcassets in Resources */,
			);
			runOnlyForDeploymentPostprocessing = 0;
		};
		7D854E182BB68697007DFBCC /* Resources */ = {
			isa = PBXResourcesBuildPhase;
			buildActionMask = 2147483647;
			files = (
			);
			runOnlyForDeploymentPostprocessing = 0;
		};
		7D854E222BB68697007DFBCC /* Resources */ = {
			isa = PBXResourcesBuildPhase;
			buildActionMask = 2147483647;
			files = (
			);
			runOnlyForDeploymentPostprocessing = 0;
		};
/* End PBXResourcesBuildPhase section */

/* Begin PBXSourcesBuildPhase section */
		7D854E062BB68695007DFBCC /* Sources */ = {
			isa = PBXSourcesBuildPhase;
			buildActionMask = 2147483647;
			files = (
				7D854E3E2BB6AB13007DFBCC /* OffsetKey.swift in Sources */,
				7D3D98B22BB927720013FA72 /* TasksView.swift in Sources */,
				7D854E3A2BB68910007DFBCC /* View.swift in Sources */,
				7D854E3C2BB68A60007DFBCC /* DateExtension.swift in Sources */,
				7D854E102BB68695007DFBCC /* ContentView.swift in Sources */,
				7D854E382BB686AC007DFBCC /* Task.swift in Sources */,
				7D854E422BB6EE92007DFBCC /* NewTask.swift in Sources */,
				7D854E0E2BB68695007DFBCC /* TaskManagerApp.swift in Sources */,
				7D854E402BB6DE57007DFBCC /* TaskItem.swift in Sources */,
			);
			runOnlyForDeploymentPostprocessing = 0;
		};
		7D854E162BB68697007DFBCC /* Sources */ = {
			isa = PBXSourcesBuildPhase;
			buildActionMask = 2147483647;
			files = (
				7D854E1F2BB68697007DFBCC /* TaskManagerTests.swift in Sources */,
			);
			runOnlyForDeploymentPostprocessing = 0;
		};
		7D854E202BB68697007DFBCC /* Sources */ = {
			isa = PBXSourcesBuildPhase;
			buildActionMask = 2147483647;
			files = (
				7D854E292BB68697007DFBCC /* TaskManagerUITests.swift in Sources */,
				7D854E2B2BB68697007DFBCC /* TaskManagerUITestsLaunchTests.swift in Sources */,
			);
			runOnlyForDeploymentPostprocessing = 0;
		};
/* End PBXSourcesBuildPhase section */

/* Begin PBXTargetDependency section */
		7D854E1C2BB68697007DFBCC /* PBXTargetDependency */ = {
			isa = PBXTargetDependency;
			target = 7D854E092BB68695007DFBCC /* TaskManager */;
			targetProxy = 7D854E1B2BB68697007DFBCC /* PBXContainerItemProxy */;
		};
		7D854E262BB68697007DFBCC /* PBXTargetDependency */ = {
			isa = PBXTargetDependency;
			target = 7D854E092BB68695007DFBCC /* TaskManager */;
			targetProxy = 7D854E252BB68697007DFBCC /* PBXContainerItemProxy */;
		};
/* End PBXTargetDependency section */

/* Begin XCBuildConfiguration section */
		7D854E2C2BB68697007DFBCC /* Debug */ = {
			isa = XCBuildConfiguration;
			buildSettings = {
				ALWAYS_SEARCH_USER_PATHS = NO;
				ASSETCATALOG_COMPILER_GENERATE_SWIFT_ASSET_SYMBOL_EXTENSIONS = YES;
				CLANG_ANALYZER_NONNULL = YES;
				CLANG_ANALYZER_NUMBER_OBJECT_CONVERSION = YES_AGGRESSIVE;
				CLANG_CXX_LANGUAGE_STANDARD = "gnu++20";
				CLANG_ENABLE_MODULES = YES;
				CLANG_ENABLE_OBJC_ARC = YES;
				CLANG_ENABLE_OBJC_WEAK = YES;
				CLANG_WARN_BLOCK_CAPTURE_AUTORELEASING = YES;
				CLANG_WARN_BOOL_CONVERSION = YES;
				CLANG_WARN_COMMA = YES;
				CLANG_WARN_CONSTANT_CONVERSION = YES;
				CLANG_WARN_DEPRECATED_OBJC_IMPLEMENTATIONS = YES;
				CLANG_WARN_DIRECT_OBJC_ISA_USAGE = YES_ERROR;
				CLANG_WARN_DOCUMENTATION_COMMENTS = YES;
				CLANG_WARN_EMPTY_BODY = YES;
				CLANG_WARN_ENUM_CONVERSION = YES;
				CLANG_WARN_INFINITE_RECURSION = YES;
				CLANG_WARN_INT_CONVERSION = YES;
				CLANG_WARN_NON_LITERAL_NULL_CONVERSION = YES;
				CLANG_WARN_OBJC_IMPLICIT_RETAIN_SELF = YES;
				CLANG_WARN_OBJC_LITERAL_CONVERSION = YES;
				CLANG_WARN_OBJC_ROOT_CLASS = YES_ERROR;
				CLANG_WARN_QUOTED_INCLUDE_IN_FRAMEWORK_HEADER = YES;
				CLANG_WARN_RANGE_LOOP_ANALYSIS = YES;
				CLANG_WARN_STRICT_PROTOTYPES = YES;
				CLANG_WARN_SUSPICIOUS_MOVE = YES;
				CLANG_WARN_UNGUARDED_AVAILABILITY = YES_AGGRESSIVE;
				CLANG_WARN_UNREACHABLE_CODE = YES;
				CLANG_WARN__DUPLICATE_METHOD_MATCH = YES;
				COPY_PHASE_STRIP = NO;
				DEBUG_INFORMATION_FORMAT = dwarf;
				ENABLE_STRICT_OBJC_MSGSEND = YES;
				ENABLE_TESTABILITY = YES;
				ENABLE_USER_SCRIPT_SANDBOXING = YES;
				GCC_C_LANGUAGE_STANDARD = gnu17;
				GCC_DYNAMIC_NO_PIC = NO;
				GCC_NO_COMMON_BLOCKS = YES;
				GCC_OPTIMIZATION_LEVEL = 0;
				GCC_PREPROCESSOR_DEFINITIONS = (
					"DEBUG=1",
					"$(inherited)",
				);
				GCC_WARN_64_TO_32_BIT_CONVERSION = YES;
				GCC_WARN_ABOUT_RETURN_TYPE = YES_ERROR;
				GCC_WARN_UNDECLARED_SELECTOR = YES;
				GCC_WARN_UNINITIALIZED_AUTOS = YES_AGGRESSIVE;
				GCC_WARN_UNUSED_FUNCTION = YES;
				GCC_WARN_UNUSED_VARIABLE = YES;
				IPHONEOS_DEPLOYMENT_TARGET = 17.4;
				LOCALIZATION_PREFERS_STRING_CATALOGS = YES;
				MTL_ENABLE_DEBUG_INFO = INCLUDE_SOURCE;
				MTL_FAST_MATH = YES;
				ONLY_ACTIVE_ARCH = YES;
				SDKROOT = iphoneos;
				SWIFT_ACTIVE_COMPILATION_CONDITIONS = "DEBUG $(inherited)";
				SWIFT_OPTIMIZATION_LEVEL = "-Onone";
			};
			name = Debug;
		};
		7D854E2D2BB68697007DFBCC /* Release */ = {
			isa = XCBuildConfiguration;
			buildSettings = {
				ALWAYS_SEARCH_USER_PATHS = NO;
				ASSETCATALOG_COMPILER_GENERATE_SWIFT_ASSET_SYMBOL_EXTENSIONS = YES;
				CLANG_ANALYZER_NONNULL = YES;
				CLANG_ANALYZER_NUMBER_OBJECT_CONVERSION = YES_AGGRESSIVE;
				CLANG_CXX_LANGUAGE_STANDARD = "gnu++20";
				CLANG_ENABLE_MODULES = YES;
				CLANG_ENABLE_OBJC_ARC = YES;
				CLANG_ENABLE_OBJC_WEAK = YES;
				CLANG_WARN_BLOCK_CAPTURE_AUTORELEASING = YES;
				CLANG_WARN_BOOL_CONVERSION = YES;
				CLANG_WARN_COMMA = YES;
				CLANG_WARN_CONSTANT_CONVERSION = YES;
				CLANG_WARN_DEPRECATED_OBJC_IMPLEMENTATIONS = YES;
				CLANG_WARN_DIRECT_OBJC_ISA_USAGE = YES_ERROR;
				CLANG_WARN_DOCUMENTATION_COMMENTS = YES;
				CLANG_WARN_EMPTY_BODY = YES;
				CLANG_WARN_ENUM_CONVERSION = YES;
				CLANG_WARN_INFINITE_RECURSION = YES;
				CLANG_WARN_INT_CONVERSION = YES;
				CLANG_WARN_NON_LITERAL_NULL_CONVERSION = YES;
				CLANG_WARN_OBJC_IMPLICIT_RETAIN_SELF = YES;
				CLANG_WARN_OBJC_LITERAL_CONVERSION = YES;
				CLANG_WARN_OBJC_ROOT_CLASS = YES_ERROR;
				CLANG_WARN_QUOTED_INCLUDE_IN_FRAMEWORK_HEADER = YES;
				CLANG_WARN_RANGE_LOOP_ANALYSIS = YES;
				CLANG_WARN_STRICT_PROTOTYPES = YES;
				CLANG_WARN_SUSPICIOUS_MOVE = YES;
				CLANG_WARN_UNGUARDED_AVAILABILITY = YES_AGGRESSIVE;
				CLANG_WARN_UNREACHABLE_CODE = YES;
				CLANG_WARN__DUPLICATE_METHOD_MATCH = YES;
				COPY_PHASE_STRIP = NO;
				DEBUG_INFORMATION_FORMAT = "dwarf-with-dsym";
				ENABLE_NS_ASSERTIONS = NO;
				ENABLE_STRICT_OBJC_MSGSEND = YES;
				ENABLE_USER_SCRIPT_SANDBOXING = YES;
				GCC_C_LANGUAGE_STANDARD = gnu17;
				GCC_NO_COMMON_BLOCKS = YES;
				GCC_WARN_64_TO_32_BIT_CONVERSION = YES;
				GCC_WARN_ABOUT_RETURN_TYPE = YES_ERROR;
				GCC_WARN_UNDECLARED_SELECTOR = YES;
				GCC_WARN_UNINITIALIZED_AUTOS = YES_AGGRESSIVE;
				GCC_WARN_UNUSED_FUNCTION = YES;
				GCC_WARN_UNUSED_VARIABLE = YES;
				IPHONEOS_DEPLOYMENT_TARGET = 17.4;
				LOCALIZATION_PREFERS_STRING_CATALOGS = YES;
				MTL_ENABLE_DEBUG_INFO = NO;
				MTL_FAST_MATH = YES;
				SDKROOT = iphoneos;
				SWIFT_COMPILATION_MODE = wholemodule;
				VALIDATE_PRODUCT = YES;
			};
			name = Release;
		};
		7D854E2F2BB68697007DFBCC /* Debug */ = {
			isa = XCBuildConfiguration;
			buildSettings = {
				ASSETCATALOG_COMPILER_APPICON_NAME = AppIcon;
				ASSETCATALOG_COMPILER_GLOBAL_ACCENT_COLOR_NAME = AccentColor;
				CODE_SIGN_STYLE = Automatic;
				CURRENT_PROJECT_VERSION = 1;
				DEVELOPMENT_ASSET_PATHS = "\"TaskManager/Preview Content\"";
				ENABLE_PREVIEWS = YES;
				GENERATE_INFOPLIST_FILE = YES;
				INFOPLIST_KEY_UIApplicationSceneManifest_Generation = YES;
				INFOPLIST_KEY_UIApplicationSupportsIndirectInputEvents = YES;
				INFOPLIST_KEY_UILaunchScreen_Generation = YES;
				INFOPLIST_KEY_UISupportedInterfaceOrientations_iPad = "UIInterfaceOrientationPortrait UIInterfaceOrientationPortraitUpsideDown UIInterfaceOrientationLandscapeLeft UIInterfaceOrientationLandscapeRight";
				INFOPLIST_KEY_UISupportedInterfaceOrientations_iPhone = "UIInterfaceOrientationPortrait UIInterfaceOrientationLandscapeLeft UIInterfaceOrientationLandscapeRight";
				LD_RUNPATH_SEARCH_PATHS = (
					"$(inherited)",
					"@executable_path/Frameworks",
				);
				MARKETING_VERSION = 1.0;
				PRODUCT_BUNDLE_IDENTIFIER = com.SwiftUIAppSample.TaskManager;
				PRODUCT_NAME = "$(TARGET_NAME)";
				SWIFT_EMIT_LOC_STRINGS = YES;
				SWIFT_VERSION = 5.0;
				TARGETED_DEVICE_FAMILY = "1,2";
			};
			name = Debug;
		};
		7D854E302BB68697007DFBCC /* Release */ = {
			isa = XCBuildConfiguration;
			buildSettings = {
				ASSETCATALOG_COMPILER_APPICON_NAME = AppIcon;
				ASSETCATALOG_COMPILER_GLOBAL_ACCENT_COLOR_NAME = AccentColor;
				CODE_SIGN_STYLE = Automatic;
				CURRENT_PROJECT_VERSION = 1;
				DEVELOPMENT_ASSET_PATHS = "\"TaskManager/Preview Content\"";
				ENABLE_PREVIEWS = YES;
				GENERATE_INFOPLIST_FILE = YES;
				INFOPLIST_KEY_UIApplicationSceneManifest_Generation = YES;
				INFOPLIST_KEY_UIApplicationSupportsIndirectInputEvents = YES;
				INFOPLIST_KEY_UILaunchScreen_Generation = YES;
				INFOPLIST_KEY_UISupportedInterfaceOrientations_iPad = "UIInterfaceOrientationPortrait UIInterfaceOrientationPortraitUpsideDown UIInterfaceOrientationLandscapeLeft UIInterfaceOrientationLandscapeRight";
				INFOPLIST_KEY_UISupportedInterfaceOrientations_iPhone = "UIInterfaceOrientationPortrait UIInterfaceOrientationLandscapeLeft UIInterfaceOrientationLandscapeRight";
				LD_RUNPATH_SEARCH_PATHS = (
					"$(inherited)",
					"@executable_path/Frameworks",
				);
				MARKETING_VERSION = 1.0;
				PRODUCT_BUNDLE_IDENTIFIER = com.SwiftUIAppSample.TaskManager;
				PRODUCT_NAME = "$(TARGET_NAME)";
				SWIFT_EMIT_LOC_STRINGS = YES;
				SWIFT_VERSION = 5.0;
				TARGETED_DEVICE_FAMILY = "1,2";
			};
			name = Release;
		};
		7D854E322BB68697007DFBCC /* Debug */ = {
			isa = XCBuildConfiguration;
			buildSettings = {
				ALWAYS_EMBED_SWIFT_STANDARD_LIBRARIES = YES;
				BUNDLE_LOADER = "$(TEST_HOST)";
				CODE_SIGN_STYLE = Automatic;
				CURRENT_PROJECT_VERSION = 1;
				GENERATE_INFOPLIST_FILE = YES;
				IPHONEOS_DEPLOYMENT_TARGET = 17.4;
				MARKETING_VERSION = 1.0;
				PRODUCT_BUNDLE_IDENTIFIER = com.SwiftUIAppSample.TaskManagerTests;
				PRODUCT_NAME = "$(TARGET_NAME)";
				SWIFT_EMIT_LOC_STRINGS = NO;
				SWIFT_VERSION = 5.0;
				TARGETED_DEVICE_FAMILY = "1,2";
				TEST_HOST = "$(BUILT_PRODUCTS_DIR)/TaskManager.app/$(BUNDLE_EXECUTABLE_FOLDER_PATH)/TaskManager";
			};
			name = Debug;
		};
		7D854E332BB68697007DFBCC /* Release */ = {
			isa = XCBuildConfiguration;
			buildSettings = {
				ALWAYS_EMBED_SWIFT_STANDARD_LIBRARIES = YES;
				BUNDLE_LOADER = "$(TEST_HOST)";
				CODE_SIGN_STYLE = Automatic;
				CURRENT_PROJECT_VERSION = 1;
				GENERATE_INFOPLIST_FILE = YES;
				IPHONEOS_DEPLOYMENT_TARGET = 17.4;
				MARKETING_VERSION = 1.0;
				PRODUCT_BUNDLE_IDENTIFIER = com.SwiftUIAppSample.TaskManagerTests;
				PRODUCT_NAME = "$(TARGET_NAME)";
				SWIFT_EMIT_LOC_STRINGS = NO;
				SWIFT_VERSION = 5.0;
				TARGETED_DEVICE_FAMILY = "1,2";
				TEST_HOST = "$(BUILT_PRODUCTS_DIR)/TaskManager.app/$(BUNDLE_EXECUTABLE_FOLDER_PATH)/TaskManager";
			};
			name = Release;
		};
		7D854E352BB68697007DFBCC /* Debug */ = {
			isa = XCBuildConfiguration;
			buildSettings = {
				ALWAYS_EMBED_SWIFT_STANDARD_LIBRARIES = YES;
				CODE_SIGN_STYLE = Automatic;
				CURRENT_PROJECT_VERSION = 1;
				GENERATE_INFOPLIST_FILE = YES;
				MARKETING_VERSION = 1.0;
				PRODUCT_BUNDLE_IDENTIFIER = com.SwiftUIAppSample.TaskManagerUITests;
				PRODUCT_NAME = "$(TARGET_NAME)";
				SWIFT_EMIT_LOC_STRINGS = NO;
				SWIFT_VERSION = 5.0;
				TARGETED_DEVICE_FAMILY = "1,2";
				TEST_TARGET_NAME = TaskManager;
			};
			name = Debug;
		};
		7D854E362BB68697007DFBCC /* Release */ = {
			isa = XCBuildConfiguration;
			buildSettings = {
				ALWAYS_EMBED_SWIFT_STANDARD_LIBRARIES = YES;
				CODE_SIGN_STYLE = Automatic;
				CURRENT_PROJECT_VERSION = 1;
				GENERATE_INFOPLIST_FILE = YES;
				MARKETING_VERSION = 1.0;
				PRODUCT_BUNDLE_IDENTIFIER = com.SwiftUIAppSample.TaskManagerUITests;
				PRODUCT_NAME = "$(TARGET_NAME)";
				SWIFT_EMIT_LOC_STRINGS = NO;
				SWIFT_VERSION = 5.0;
				TARGETED_DEVICE_FAMILY = "1,2";
				TEST_TARGET_NAME = TaskManager;
			};
			name = Release;
		};
/* End XCBuildConfiguration section */

/* Begin XCConfigurationList section */
		7D854E052BB68695007DFBCC /* Build configuration list for PBXProject "TaskManager" */ = {
			isa = XCConfigurationList;
			buildConfigurations = (
				7D854E2C2BB68697007DFBCC /* Debug */,
				7D854E2D2BB68697007DFBCC /* Release */,
			);
			defaultConfigurationIsVisible = 0;
			defaultConfigurationName = Release;
		};
		7D854E2E2BB68697007DFBCC /* Build configuration list for PBXNativeTarget "TaskManager" */ = {
			isa = XCConfigurationList;
			buildConfigurations = (
				7D854E2F2BB68697007DFBCC /* Debug */,
				7D854E302BB68697007DFBCC /* Release */,
			);
			defaultConfigurationIsVisible = 0;
			defaultConfigurationName = Release;
		};
		7D854E312BB68697007DFBCC /* Build configuration list for PBXNativeTarget "TaskManagerTests" */ = {
			isa = XCConfigurationList;
			buildConfigurations = (
				7D854E322BB68697007DFBCC /* Debug */,
				7D854E332BB68697007DFBCC /* Release */,
			);
			defaultConfigurationIsVisible = 0;
			defaultConfigurationName = Release;
		};
		7D854E342BB68697007DFBCC /* Build configuration list for PBXNativeTarget "TaskManagerUITests" */ = {
			isa = XCConfigurationList;
			buildConfigurations = (
				7D854E352BB68697007DFBCC /* Debug */,
				7D854E362BB68697007DFBCC /* Release */,
			);
			defaultConfigurationIsVisible = 0;
			defaultConfigurationName = Release;
		};
/* End XCConfigurationList section */
	};
	rootObject = 7D854E022BB68695007DFBCC /* Project object */;
}
